
Microsoft Visual Studio Solution File, Format Version 12.00
# Visual Studio 14
VisualStudioVersion = 14.0.25420.1
MinimumVisualStudioVersion = 10.0.40219.1
Project("{FAE04EC0-301F-11D3-BF4B-00C04F79EFBC}") = "AcademyGui", "Academy\AcademyGui.csproj", "{B31A2AD5-5F77-4B6B-99C2-FE858D0A8551}"
EndProject
Project("{FAE04EC0-301F-11D3-BF4B-00C04F79EFBC}") = "Academy", "AcademyMgr\Academy.csproj", "{14CB6A9A-95E6-4069-B8F6-FDD62E60CCA6}"
EndProject
Project("{FAE04EC0-301F-11D3-BF4B-00C04F79EFBC}") = "MembershipSite", "MembershipSite\MembershipSite.csproj", "{3D46E7B8-5E1E-4614-8007-E690EA399E8B}"
EndProject
Global
	GlobalSection(SolutionConfigurationPlatforms) = preSolution
		Debug|Any CPU = Debug|Any CPU
		Release|Any CPU = Release|Any CPU
	EndGlobalSection
	GlobalSection(ProjectConfigurationPlatforms) = postSolution
		{B31A2AD5-5F77-4B6B-99C2-FE858D0A8551}.Debug|Any CPU.ActiveCfg = Debug|Any CPU
		{B31A2AD5-5F77-4B6B-99C2-FE858D0A8551}.Debug|Any CPU.Build.0 = Debug|Any CPU
		{B31A2AD5-5F77-4B6B-99C2-FE858D0A8551}.Release|Any CPU.ActiveCfg = Release|Any CPU
		{B31A2AD5-5F77-4B6B-99C2-FE858D0A8551}.Release|Any CPU.Build.0 = Release|Any CPU
		{14CB6A9A-95E6-4069-B8F6-FDD62E60CCA6}.Debug|Any CPU.ActiveCfg = Debug|Any CPU
		{14CB6A9A-95E6-4069-B8F6-FDD62E60CCA6}.Debug|Any CPU.Build.0 = Debug|Any CPU
		{14CB6A9A-95E6-4069-B8F6-FDD62E60CCA6}.Release|Any CPU.ActiveCfg = Release|Any CPU
		{14CB6A9A-95E6-4069-B8F6-FDD62E60CCA6}.Release|Any CPU.Build.0 = Release|Any CPU
		{3D46E7B8-5E1E-4614-8007-E690EA399E8B}.Debug|Any CPU.ActiveCfg = Debug|Any CPU
		{3D46E7B8-5E1E-4614-8007-E690EA399E8B}.Debug|Any CPU.Build.0 = Debug|Any CPU
		{3D46E7B8-5E1E-4614-8007-E690EA399E8B}.Release|Any CPU.ActiveCfg = Release|Any CPU
		{3D46E7B8-5E1E-4614-8007-E690EA399E8B}.Release|Any CPU.Build.0 = Release|Any CPU
	EndGlobalSection
	GlobalSection(SolutionProperties) = preSolution
		HideSolutionNode = FALSE
	EndGlobalSection
EndGlobal
